
Microsoft Visual Studio Solution File, Format Version 12.00
# Visual Studio 14
VisualStudioVersion = 14.0.25123.0
MinimumVisualStudioVersion = 10.0.40219.1
Project("{FAE04EC0-301F-11D3-BF4B-00C04F79EFBC}") = "MantenimientoUsers", "MantenimientoUsers\MantenimientoUsers.csproj", "{2FEBE27C-BE17-4898-8543-B637E1F54B29}"
EndProject
Project("{FAE04EC0-301F-11D3-BF4B-00C04F79EFBC}") = "CapaLogica", "CapaLogica\CapaLogica.csproj", "{00C110F1-DFFA-41FE-A6DF-1312D22992A6}"
EndProject
Project("{FAE04EC0-301F-11D3-BF4B-00C04F79EFBC}") = "CapaEntidad", "CapaEntidad\CapaEntidad.csproj", "{42801B50-9A83-4F20-804D-0FEDAD745C1E}"
EndProject
Project("{FAE04EC0-301F-11D3-BF4B-00C04F79EFBC}") = "CapaDato", "CapaDato\CapaDato.csproj", "{6F703644-8C69-432E-9AF1-18FF2B702396}"
EndProject
Project("{2150E333-8FDC-42A3-9474-1A3956D46DE8}") = "Capas", "Capas", "{549385C6-1188-4044-97F7-491F6E886CA6}"
EndProject
Project("{2150E333-8FDC-42A3-9474-1A3956D46DE8}") = "Datos", "Datos", "{D327C874-AEAB-4E95-8EC3-978ACC63B0D0}"
EndProject
Project("{2150E333-8FDC-42A3-9474-1A3956D46DE8}") = "Logica", "Logica", "{6AA89AA1-6FAD-41A8-B94B-79DD8F7B2A28}"
EndProject
Project("{2150E333-8FDC-42A3-9474-1A3956D46DE8}") = "Entidad", "Entidad", "{09A84AB0-CA8C-4A40-A188-5A73FD8F1A2D}"
EndProject
Project("{2150E333-8FDC-42A3-9474-1A3956D46DE8}") = "Interfaz de usuario", "Interfaz de usuario", "{3ED15450-82EC-4D1F-8CDB-56C91DB029C2}"
EndProject
Project("{2150E333-8FDC-42A3-9474-1A3956D46DE8}") = "Windows", "Windows", "{3695DFBA-3B65-4FFB-9816-A21B1C8E3B24}"
EndProject
Global
	GlobalSection(SolutionConfigurationPlatforms) = preSolution
		Debug|Any CPU = Debug|Any CPU
		Release|Any CPU = Release|Any CPU
	EndGlobalSection
	GlobalSection(ProjectConfigurationPlatforms) = postSolution
		{2FEBE27C-BE17-4898-8543-B637E1F54B29}.Debug|Any CPU.ActiveCfg = Debug|Any CPU
		{2FEBE27C-BE17-4898-8543-B637E1F54B29}.Debug|Any CPU.Build.0 = Debug|Any CPU
		{2FEBE27C-BE17-4898-8543-B637E1F54B29}.Release|Any CPU.ActiveCfg = Release|Any CPU
		{2FEBE27C-BE17-4898-8543-B637E1F54B29}.Release|Any CPU.Build.0 = Release|Any CPU
		{00C110F1-DFFA-41FE-A6DF-1312D22992A6}.Debug|Any CPU.ActiveCfg = Debug|Any CPU
		{00C110F1-DFFA-41FE-A6DF-1312D22992A6}.Debug|Any CPU.Build.0 = Debug|Any CPU
		{00C110F1-DFFA-41FE-A6DF-1312D22992A6}.Release|Any CPU.ActiveCfg = Release|Any CPU
		{00C110F1-DFFA-41FE-A6DF-1312D22992A6}.Release|Any CPU.Build.0 = Release|Any CPU
		{42801B50-9A83-4F20-804D-0FEDAD745C1E}.Debug|Any CPU.ActiveCfg = Debug|Any CPU
		{42801B50-9A83-4F20-804D-0FEDAD745C1E}.Debug|Any CPU.Build.0 = Debug|Any CPU
		{42801B50-9A83-4F20-804D-0FEDAD745C1E}.Release|Any CPU.ActiveCfg = Release|Any CPU
		{42801B50-9A83-4F20-804D-0FEDAD745C1E}.Release|Any CPU.Build.0 = Release|Any CPU
		{6F703644-8C69-432E-9AF1-18FF2B702396}.Debug|Any CPU.ActiveCfg = Debug|Any CPU
		{6F703644-8C69-432E-9AF1-18FF2B702396}.Debug|Any CPU.Build.0 = Debug|Any CPU
		{6F703644-8C69-432E-9AF1-18FF2B702396}.Release|Any CPU.ActiveCfg = Release|Any CPU
		{6F703644-8C69-432E-9AF1-18FF2B702396}.Release|Any CPU.Build.0 = Release|Any CPU
	EndGlobalSection
	GlobalSection(SolutionProperties) = preSolution
		HideSolutionNode = FALSE
	EndGlobalSection
	GlobalSection(NestedProjects) = preSolution
		{2FEBE27C-BE17-4898-8543-B637E1F54B29} = {3695DFBA-3B65-4FFB-9816-A21B1C8E3B24}
		{00C110F1-DFFA-41FE-A6DF-1312D22992A6} = {6AA89AA1-6FAD-41A8-B94B-79DD8F7B2A28}
		{42801B50-9A83-4F20-804D-0FEDAD745C1E} = {09A84AB0-CA8C-4A40-A188-5A73FD8F1A2D}
		{6F703644-8C69-432E-9AF1-18FF2B702396} = {D327C874-AEAB-4E95-8EC3-978ACC63B0D0}
		{D327C874-AEAB-4E95-8EC3-978ACC63B0D0} = {549385C6-1188-4044-97F7-491F6E886CA6}
		{6AA89AA1-6FAD-41A8-B94B-79DD8F7B2A28} = {549385C6-1188-4044-97F7-491F6E886CA6}
		{09A84AB0-CA8C-4A40-A188-5A73FD8F1A2D} = {549385C6-1188-4044-97F7-491F6E886CA6}
		{3695DFBA-3B65-4FFB-9816-A21B1C8E3B24} = {3ED15450-82EC-4D1F-8CDB-56C91DB029C2}
	EndGlobalSection
EndGlobal
