
Microsoft Visual Studio Solution File, Format Version 12.00
# Visual Studio 14
VisualStudioVersion = 14.0.25123.0
MinimumVisualStudioVersion = 10.0.40219.1
Project("{FAE04EC0-301F-11D3-BF4B-00C04F79EFBC}") = "EntityFrameWorkCRUD", "EntityFrameWorkCRUD\EntityFrameWorkCRUD.csproj", "{AF9B28FB-42A4-4AC6-98FE-EAB3E05D3BDB}"
EndProject
Project("{FAE04EC0-301F-11D3-BF4B-00C04F79EFBC}") = "Bodega", "Bodega\Bodega.csproj", "{7D241A61-F890-467F-86BA-357A7EB40618}"
EndProject
Project("{FAE04EC0-301F-11D3-BF4B-00C04F79EFBC}") = "EntityFrameworkLinq", "EntityFrameworkLinq\EntityFrameworkLinq.csproj", "{F4311973-E648-4AE8-9B9B-33B07AE2CAB5}"
EndProject
Project("{FAE04EC0-301F-11D3-BF4B-00C04F79EFBC}") = "Negocio", "Negocio\Negocio.csproj", "{A09C04A4-5F04-4943-8A7C-DFE1B631BEC9}"
EndProject
Project("{FAE04EC0-301F-11D3-BF4B-00C04F79EFBC}") = "Windows", "Windows\Windows.csproj", "{61CDE6CA-39C7-4ACC-B252-DF77A8C3E181}"
EndProject
Project("{FAE04EC0-301F-11D3-BF4B-00C04F79EFBC}") = "DataModel", "DataModel\DataModel.csproj", "{177E0CD3-9EEE-47F6-B911-31FDF8FE4B72}"
EndProject
Project("{FAE04EC0-301F-11D3-BF4B-00C04F79EFBC}") = "BussinesLayer", "BussinesLayer\BussinesLayer.csproj", "{38783C20-AD09-4802-87A3-B6BEBA705A22}"
EndProject
Project("{FAE04EC0-301F-11D3-BF4B-00C04F79EFBC}") = "BussinesEntity", "BussinesEntity\BussinesEntity.csproj", "{A59BB879-A257-4630-B969-A4F4B52A4690}"
EndProject
Project("{2150E333-8FDC-42A3-9474-1A3956D46DE8}") = "CarpBodega", "CarpBodega", "{6B1374E4-A672-41CE-9BDD-250DB7D13E7C}"
EndProject
Project("{2150E333-8FDC-42A3-9474-1A3956D46DE8}") = "NcapasCrud", "NcapasCrud", "{7F0F1277-8A2D-4939-9035-502D9EBD6323}"
EndProject
Project("{2150E333-8FDC-42A3-9474-1A3956D46DE8}") = "Linq", "Linq", "{A40A16D6-24CE-4FDB-A70E-AB8628E62547}"
EndProject
Project("{2150E333-8FDC-42A3-9474-1A3956D46DE8}") = "CrudEntity", "CrudEntity", "{9011835A-F77E-4D80-AB59-FD1310FD31F1}"
EndProject
Project("{2150E333-8FDC-42A3-9474-1A3956D46DE8}") = "Linq-C2010", "Linq-C2010", "{D0C2EA51-A90C-4AAC-B21C-CE21C2835C4D}"
EndProject
Project("{FAE04EC0-301F-11D3-BF4B-00C04F79EFBC}") = "Clientes", "Clientes\Clientes.csproj", "{3F8BF4E8-75DF-42F6-B103-6363DC89CCE6}"
EndProject
Global
	GlobalSection(SolutionConfigurationPlatforms) = preSolution
		Debug|Any CPU = Debug|Any CPU
		Debug|x86 = Debug|x86
		Release|Any CPU = Release|Any CPU
		Release|x86 = Release|x86
	EndGlobalSection
	GlobalSection(ProjectConfigurationPlatforms) = postSolution
		{AF9B28FB-42A4-4AC6-98FE-EAB3E05D3BDB}.Debug|Any CPU.ActiveCfg = Debug|x86
		{AF9B28FB-42A4-4AC6-98FE-EAB3E05D3BDB}.Debug|x86.ActiveCfg = Debug|x86
		{AF9B28FB-42A4-4AC6-98FE-EAB3E05D3BDB}.Debug|x86.Build.0 = Debug|x86
		{AF9B28FB-42A4-4AC6-98FE-EAB3E05D3BDB}.Release|Any CPU.ActiveCfg = Release|x86
		{AF9B28FB-42A4-4AC6-98FE-EAB3E05D3BDB}.Release|x86.ActiveCfg = Release|x86
		{AF9B28FB-42A4-4AC6-98FE-EAB3E05D3BDB}.Release|x86.Build.0 = Release|x86
		{7D241A61-F890-467F-86BA-357A7EB40618}.Debug|Any CPU.ActiveCfg = Debug|Any CPU
		{7D241A61-F890-467F-86BA-357A7EB40618}.Debug|Any CPU.Build.0 = Debug|Any CPU
		{7D241A61-F890-467F-86BA-357A7EB40618}.Debug|x86.ActiveCfg = Debug|Any CPU
		{7D241A61-F890-467F-86BA-357A7EB40618}.Debug|x86.Build.0 = Debug|Any CPU
		{7D241A61-F890-467F-86BA-357A7EB40618}.Release|Any CPU.ActiveCfg = Release|Any CPU
		{7D241A61-F890-467F-86BA-357A7EB40618}.Release|Any CPU.Build.0 = Release|Any CPU
		{7D241A61-F890-467F-86BA-357A7EB40618}.Release|x86.ActiveCfg = Release|Any CPU
		{7D241A61-F890-467F-86BA-357A7EB40618}.Release|x86.Build.0 = Release|Any CPU
		{F4311973-E648-4AE8-9B9B-33B07AE2CAB5}.Debug|Any CPU.ActiveCfg = Debug|Any CPU
		{F4311973-E648-4AE8-9B9B-33B07AE2CAB5}.Debug|Any CPU.Build.0 = Debug|Any CPU
		{F4311973-E648-4AE8-9B9B-33B07AE2CAB5}.Debug|x86.ActiveCfg = Debug|Any CPU
		{F4311973-E648-4AE8-9B9B-33B07AE2CAB5}.Debug|x86.Build.0 = Debug|Any CPU
		{F4311973-E648-4AE8-9B9B-33B07AE2CAB5}.Release|Any CPU.ActiveCfg = Release|Any CPU
		{F4311973-E648-4AE8-9B9B-33B07AE2CAB5}.Release|Any CPU.Build.0 = Release|Any CPU
		{F4311973-E648-4AE8-9B9B-33B07AE2CAB5}.Release|x86.ActiveCfg = Release|Any CPU
		{F4311973-E648-4AE8-9B9B-33B07AE2CAB5}.Release|x86.Build.0 = Release|Any CPU
		{A09C04A4-5F04-4943-8A7C-DFE1B631BEC9}.Debug|Any CPU.ActiveCfg = Debug|Any CPU
		{A09C04A4-5F04-4943-8A7C-DFE1B631BEC9}.Debug|Any CPU.Build.0 = Debug|Any CPU
		{A09C04A4-5F04-4943-8A7C-DFE1B631BEC9}.Debug|x86.ActiveCfg = Debug|Any CPU
		{A09C04A4-5F04-4943-8A7C-DFE1B631BEC9}.Debug|x86.Build.0 = Debug|Any CPU
		{A09C04A4-5F04-4943-8A7C-DFE1B631BEC9}.Release|Any CPU.ActiveCfg = Release|Any CPU
		{A09C04A4-5F04-4943-8A7C-DFE1B631BEC9}.Release|Any CPU.Build.0 = Release|Any CPU
		{A09C04A4-5F04-4943-8A7C-DFE1B631BEC9}.Release|x86.ActiveCfg = Release|Any CPU
		{A09C04A4-5F04-4943-8A7C-DFE1B631BEC9}.Release|x86.Build.0 = Release|Any CPU
		{61CDE6CA-39C7-4ACC-B252-DF77A8C3E181}.Debug|Any CPU.ActiveCfg = Debug|Any CPU
		{61CDE6CA-39C7-4ACC-B252-DF77A8C3E181}.Debug|Any CPU.Build.0 = Debug|Any CPU
		{61CDE6CA-39C7-4ACC-B252-DF77A8C3E181}.Debug|x86.ActiveCfg = Debug|Any CPU
		{61CDE6CA-39C7-4ACC-B252-DF77A8C3E181}.Debug|x86.Build.0 = Debug|Any CPU
		{61CDE6CA-39C7-4ACC-B252-DF77A8C3E181}.Release|Any CPU.ActiveCfg = Release|Any CPU
		{61CDE6CA-39C7-4ACC-B252-DF77A8C3E181}.Release|Any CPU.Build.0 = Release|Any CPU
		{61CDE6CA-39C7-4ACC-B252-DF77A8C3E181}.Release|x86.ActiveCfg = Release|Any CPU
		{61CDE6CA-39C7-4ACC-B252-DF77A8C3E181}.Release|x86.Build.0 = Release|Any CPU
		{177E0CD3-9EEE-47F6-B911-31FDF8FE4B72}.Debug|Any CPU.ActiveCfg = Debug|Any CPU
		{177E0CD3-9EEE-47F6-B911-31FDF8FE4B72}.Debug|Any CPU.Build.0 = Debug|Any CPU
		{177E0CD3-9EEE-47F6-B911-31FDF8FE4B72}.Debug|x86.ActiveCfg = Debug|Any CPU
		{177E0CD3-9EEE-47F6-B911-31FDF8FE4B72}.Debug|x86.Build.0 = Debug|Any CPU
		{177E0CD3-9EEE-47F6-B911-31FDF8FE4B72}.Release|Any CPU.ActiveCfg = Release|Any CPU
		{177E0CD3-9EEE-47F6-B911-31FDF8FE4B72}.Release|Any CPU.Build.0 = Release|Any CPU
		{177E0CD3-9EEE-47F6-B911-31FDF8FE4B72}.Release|x86.ActiveCfg = Release|Any CPU
		{177E0CD3-9EEE-47F6-B911-31FDF8FE4B72}.Release|x86.Build.0 = Release|Any CPU
		{38783C20-AD09-4802-87A3-B6BEBA705A22}.Debug|Any CPU.ActiveCfg = Debug|Any CPU
		{38783C20-AD09-4802-87A3-B6BEBA705A22}.Debug|Any CPU.Build.0 = Debug|Any CPU
		{38783C20-AD09-4802-87A3-B6BEBA705A22}.Debug|x86.ActiveCfg = Debug|Any CPU
		{38783C20-AD09-4802-87A3-B6BEBA705A22}.Debug|x86.Build.0 = Debug|Any CPU
		{38783C20-AD09-4802-87A3-B6BEBA705A22}.Release|Any CPU.ActiveCfg = Release|Any CPU
		{38783C20-AD09-4802-87A3-B6BEBA705A22}.Release|Any CPU.Build.0 = Release|Any CPU
		{38783C20-AD09-4802-87A3-B6BEBA705A22}.Release|x86.ActiveCfg = Release|Any CPU
		{38783C20-AD09-4802-87A3-B6BEBA705A22}.Release|x86.Build.0 = Release|Any CPU
		{A59BB879-A257-4630-B969-A4F4B52A4690}.Debug|Any CPU.ActiveCfg = Debug|Any CPU
		{A59BB879-A257-4630-B969-A4F4B52A4690}.Debug|Any CPU.Build.0 = Debug|Any CPU
		{A59BB879-A257-4630-B969-A4F4B52A4690}.Debug|x86.ActiveCfg = Debug|Any CPU
		{A59BB879-A257-4630-B969-A4F4B52A4690}.Debug|x86.Build.0 = Debug|Any CPU
		{A59BB879-A257-4630-B969-A4F4B52A4690}.Release|Any CPU.ActiveCfg = Release|Any CPU
		{A59BB879-A257-4630-B969-A4F4B52A4690}.Release|Any CPU.Build.0 = Release|Any CPU
		{A59BB879-A257-4630-B969-A4F4B52A4690}.Release|x86.ActiveCfg = Release|Any CPU
		{A59BB879-A257-4630-B969-A4F4B52A4690}.Release|x86.Build.0 = Release|Any CPU
		{3F8BF4E8-75DF-42F6-B103-6363DC89CCE6}.Debug|Any CPU.ActiveCfg = Debug|Any CPU
		{3F8BF4E8-75DF-42F6-B103-6363DC89CCE6}.Debug|Any CPU.Build.0 = Debug|Any CPU
		{3F8BF4E8-75DF-42F6-B103-6363DC89CCE6}.Debug|x86.ActiveCfg = Debug|Any CPU
		{3F8BF4E8-75DF-42F6-B103-6363DC89CCE6}.Debug|x86.Build.0 = Debug|Any CPU
		{3F8BF4E8-75DF-42F6-B103-6363DC89CCE6}.Release|Any CPU.ActiveCfg = Release|Any CPU
		{3F8BF4E8-75DF-42F6-B103-6363DC89CCE6}.Release|Any CPU.Build.0 = Release|Any CPU
		{3F8BF4E8-75DF-42F6-B103-6363DC89CCE6}.Release|x86.ActiveCfg = Release|Any CPU
		{3F8BF4E8-75DF-42F6-B103-6363DC89CCE6}.Release|x86.Build.0 = Release|Any CPU
	EndGlobalSection
	GlobalSection(SolutionProperties) = preSolution
		HideSolutionNode = FALSE
	EndGlobalSection
	GlobalSection(NestedProjects) = preSolution
		{AF9B28FB-42A4-4AC6-98FE-EAB3E05D3BDB} = {9011835A-F77E-4D80-AB59-FD1310FD31F1}
		{7D241A61-F890-467F-86BA-357A7EB40618} = {6B1374E4-A672-41CE-9BDD-250DB7D13E7C}
		{F4311973-E648-4AE8-9B9B-33B07AE2CAB5} = {A40A16D6-24CE-4FDB-A70E-AB8628E62547}
		{A09C04A4-5F04-4943-8A7C-DFE1B631BEC9} = {A40A16D6-24CE-4FDB-A70E-AB8628E62547}
		{61CDE6CA-39C7-4ACC-B252-DF77A8C3E181} = {7F0F1277-8A2D-4939-9035-502D9EBD6323}
		{177E0CD3-9EEE-47F6-B911-31FDF8FE4B72} = {7F0F1277-8A2D-4939-9035-502D9EBD6323}
		{38783C20-AD09-4802-87A3-B6BEBA705A22} = {7F0F1277-8A2D-4939-9035-502D9EBD6323}
		{A59BB879-A257-4630-B969-A4F4B52A4690} = {7F0F1277-8A2D-4939-9035-502D9EBD6323}
		{3F8BF4E8-75DF-42F6-B103-6363DC89CCE6} = {D0C2EA51-A90C-4AAC-B21C-CE21C2835C4D}
	EndGlobalSection
EndGlobal
